// !$*UTF8*$!
{
	archiveVersion = 1;
	classes = {
	};
	objectVersion = 56;
	objects = {

/* Begin PBXBuildFile section */
		3372305A2BB8CD7A00E3E828 /* AppDelegate.swift in Sources */ = {isa = PBXBuildFile; fileRef = 337230592BB8CD7A00E3E828 /* AppDelegate.swift */; };
		3372305C2BB8CD7A00E3E828 /* SceneDelegate.swift in Sources */ = {isa = PBXBuildFile; fileRef = 3372305B2BB8CD7A00E3E828 /* SceneDelegate.swift */; };
		3372305E2BB8CD7A00E3E828 /* ViewController.swift in Sources */ = {isa = PBXBuildFile; fileRef = 3372305D2BB8CD7A00E3E828 /* ViewController.swift */; };
		337230612BB8CD7A00E3E828 /* Main.storyboard in Resources */ = {isa = PBXBuildFile; fileRef = 3372305F2BB8CD7A00E3E828 /* Main.storyboard */; };
		337230632BB8CD7B00E3E828 /* Assets.xcassets in Resources */ = {isa = PBXBuildFile; fileRef = 337230622BB8CD7B00E3E828 /* Assets.xcassets */; };
		337230662BB8CD7B00E3E828 /* LaunchScreen.storyboard in Resources */ = {isa = PBXBuildFile; fileRef = 337230642BB8CD7B00E3E828 /* LaunchScreen.storyboard */; };
		3372306E2BB8CEBD00E3E828 /* logo_travel-removebg-preview 1.png in Resources */ = {isa = PBXBuildFile; fileRef = 3372306D2BB8CEBD00E3E828 /* logo_travel-removebg-preview 1.png */; };
		337230712BB8D20A00E3E828 /* Rectangle 862.png in Resources */ = {isa = PBXBuildFile; fileRef = 337230702BB8D20A00E3E828 /* Rectangle 862.png */; };
		337230732BB8D28A00E3E828 /* Subtract.png in Resources */ = {isa = PBXBuildFile; fileRef = 337230722BB8D28A00E3E828 /* Subtract.png */; };
		33CC6D242BD66A0300F19388 /* SemiCircleView.swift in Sources */ = {isa = PBXBuildFile; fileRef = 33CC6D232BD66A0300F19388 /* SemiCircleView.swift */; };
		33CC6D272BD6719100F19388 /* StartPageViewController.swift in Sources */ = {isa = PBXBuildFile; fileRef = 33CC6D262BD6719100F19388 /* StartPageViewController.swift */; };
/* End PBXBuildFile section */

/* Begin PBXFileReference section */
		337230562BB8CD7A00E3E828 /* Tripzo -Travel Planner Application.app */ = {isa = PBXFileReference; explicitFileType = wrapper.application; includeInIndex = 0; path = "Tripzo -Travel Planner Application.app"; sourceTree = BUILT_PRODUCTS_DIR; };
		337230592BB8CD7A00E3E828 /* AppDelegate.swift */ = {isa = PBXFileReference; lastKnownFileType = sourcecode.swift; path = AppDelegate.swift; sourceTree = "<group>"; };
		3372305B2BB8CD7A00E3E828 /* SceneDelegate.swift */ = {isa = PBXFileReference; lastKnownFileType = sourcecode.swift; path = SceneDelegate.swift; sourceTree = "<group>"; };
		3372305D2BB8CD7A00E3E828 /* ViewController.swift */ = {isa = PBXFileReference; lastKnownFileType = sourcecode.swift; path = ViewController.swift; sourceTree = "<group>"; };
		337230602BB8CD7A00E3E828 /* Base */ = {isa = PBXFileReference; lastKnownFileType = file.storyboard; name = Base; path = Base.lproj/Main.storyboard; sourceTree = "<group>"; };
		337230622BB8CD7B00E3E828 /* Assets.xcassets */ = {isa = PBXFileReference; lastKnownFileType = folder.assetcatalog; path = Assets.xcassets; sourceTree = "<group>"; };
		337230652BB8CD7B00E3E828 /* Base */ = {isa = PBXFileReference; lastKnownFileType = file.storyboard; name = Base; path = Base.lproj/LaunchScreen.storyboard; sourceTree = "<group>"; };
		337230672BB8CD7B00E3E828 /* Info.plist */ = {isa = PBXFileReference; lastKnownFileType = text.plist.xml; path = Info.plist; sourceTree = "<group>"; };
		3372306D2BB8CEBD00E3E828 /* logo_travel-removebg-preview 1.png */ = {isa = PBXFileReference; lastKnownFileType = image.png; path = "logo_travel-removebg-preview 1.png"; sourceTree = "<group>"; };
		337230702BB8D20A00E3E828 /* Rectangle 862.png */ = {isa = PBXFileReference; lastKnownFileType = image.png; path = "Rectangle 862.png"; sourceTree = "<group>"; };
		337230722BB8D28A00E3E828 /* Subtract.png */ = {isa = PBXFileReference; lastKnownFileType = image.png; path = Subtract.png; sourceTree = "<group>"; };
		33CC6D232BD66A0300F19388 /* SemiCircleView.swift */ = {isa = PBXFileReference; lastKnownFileType = sourcecode.swift; path = SemiCircleView.swift; sourceTree = "<group>"; };
		33CC6D262BD6719100F19388 /* StartPageViewController.swift */ = {isa = PBXFileReference; lastKnownFileType = sourcecode.swift; path = StartPageViewController.swift; sourceTree = "<group>"; };
/* End PBXFileReference section */

/* Begin PBXFrameworksBuildPhase section */
		337230532BB8CD7A00E3E828 /* Frameworks */ = {
			isa = PBXFrameworksBuildPhase;
			buildActionMask = 2147483647;
			files = (
			);
			runOnlyForDeploymentPostprocessing = 0;
		};
/* End PBXFrameworksBuildPhase section */

/* Begin PBXGroup section */
		3372304D2BB8CD7900E3E828 = {
			isa = PBXGroup;
			children = (
				337230582BB8CD7A00E3E828 /* Tripzo -Travel Planner Application */,
				337230572BB8CD7A00E3E828 /* Products */,
			);
			sourceTree = "<group>";
		};
		337230572BB8CD7A00E3E828 /* Products */ = {
			isa = PBXGroup;
			children = (
				337230562BB8CD7A00E3E828 /* Tripzo -Travel Planner Application.app */,
			);
			name = Products;
			sourceTree = "<group>";
		};
		337230582BB8CD7A00E3E828 /* Tripzo -Travel Planner Application */ = {
			isa = PBXGroup;
			children = (
				33CC6D252BD6716100F19388 /* Start Screens */,
				33CC6D222BD669A800F19388 /* Custom Views */,
				3372306F2BB8CEC600E3E828 /* Images */,
				3372305B2BB8CD7A00E3E828 /* SceneDelegate.swift */,
				337230592BB8CD7A00E3E828 /* AppDelegate.swift */,
				3372305D2BB8CD7A00E3E828 /* ViewController.swift */,
				3372305F2BB8CD7A00E3E828 /* Main.storyboard */,
				337230622BB8CD7B00E3E828 /* Assets.xcassets */,
				337230642BB8CD7B00E3E828 /* LaunchScreen.storyboard */,
				337230672BB8CD7B00E3E828 /* Info.plist */,
			);
			path = "Tripzo -Travel Planner Application";
			sourceTree = "<group>";
		};
		3372306F2BB8CEC600E3E828 /* Images */ = {
			isa = PBXGroup;
			children = (
				337230722BB8D28A00E3E828 /* Subtract.png */,
				337230702BB8D20A00E3E828 /* Rectangle 862.png */,
				3372306D2BB8CEBD00E3E828 /* logo_travel-removebg-preview 1.png */,
			);
			path = Images;
			sourceTree = "<group>";
		};
		33CC6D222BD669A800F19388 /* Custom Views */ = {
			isa = PBXGroup;
			children = (
				33CC6D232BD66A0300F19388 /* SemiCircleView.swift */,
			);
			path = "Custom Views";
			sourceTree = "<group>";
		};
		33CC6D252BD6716100F19388 /* Start Screens */ = {
			isa = PBXGroup;
			children = (
				33CC6D262BD6719100F19388 /* StartPageViewController.swift */,
			);
			path = "Start Screens";
			sourceTree = "<group>";
		};
/* End PBXGroup section */

/* Begin PBXNativeTarget section */
		337230552BB8CD7A00E3E828 /* Tripzo -Travel Planner Application */ = {
			isa = PBXNativeTarget;
			buildConfigurationList = 3372306A2BB8CD7B00E3E828 /* Build configuration list for PBXNativeTarget "Tripzo -Travel Planner Application" */;
			buildPhases = (
				337230522BB8CD7A00E3E828 /* Sources */,
				337230532BB8CD7A00E3E828 /* Frameworks */,
				337230542BB8CD7A00E3E828 /* Resources */,
			);
			buildRules = (
			);
			dependencies = (
			);
			name = "Tripzo -Travel Planner Application";
			productName = "Tripzo -Travel Planner Application";
			productReference = 337230562BB8CD7A00E3E828 /* Tripzo -Travel Planner Application.app */;
			productType = "com.apple.product-type.application";
		};
/* End PBXNativeTarget section */

/* Begin PBXProject section */
		3372304E2BB8CD7900E3E828 /* Project object */ = {
			isa = PBXProject;
			attributes = {
				BuildIndependentTargetsInParallel = 1;
				LastSwiftUpdateCheck = 1520;
				LastUpgradeCheck = 1520;
				TargetAttributes = {
					337230552BB8CD7A00E3E828 = {
						CreatedOnToolsVersion = 15.2;
					};
				};
			};
			buildConfigurationList = 337230512BB8CD7900E3E828 /* Build configuration list for PBXProject "Tripzo -Travel Planner Application" */;
			compatibilityVersion = "Xcode 14.0";
			developmentRegion = en;
			hasScannedForEncodings = 0;
			knownRegions = (
				en,
				Base,
			);
			mainGroup = 3372304D2BB8CD7900E3E828;
			productRefGroup = 337230572BB8CD7A00E3E828 /* Products */;
			projectDirPath = "";
			projectRoot = "";
			targets = (
				337230552BB8CD7A00E3E828 /* Tripzo -Travel Planner Application */,
			);
		};
/* End PBXProject section */

/* Begin PBXResourcesBuildPhase section */
		337230542BB8CD7A00E3E828 /* Resources */ = {
			isa = PBXResourcesBuildPhase;
			buildActionMask = 2147483647;
			files = (
				337230662BB8CD7B00E3E828 /* LaunchScreen.storyboard in Resources */,
				337230732BB8D28A00E3E828 /* Subtract.png in Resources */,
				337230632BB8CD7B00E3E828 /* Assets.xcassets in Resources */,
				337230612BB8CD7A00E3E828 /* Main.storyboard in Resources */,
				3372306E2BB8CEBD00E3E828 /* logo_travel-removebg-preview 1.png in Resources */,
				337230712BB8D20A00E3E828 /* Rectangle 862.png in Resources */,
			);
			runOnlyForDeploymentPostprocessing = 0;
		};
/* End PBXResourcesBuildPhase section */

/* Begin PBXSourcesBuildPhase section */
		337230522BB8CD7A00E3E828 /* Sources */ = {
			isa = PBXSourcesBuildPhase;
			buildActionMask = 2147483647;
			files = (
				33CC6D272BD6719100F19388 /* StartPageViewController.swift in Sources */,
				3372305E2BB8CD7A00E3E828 /* ViewController.swift in Sources */,
				3372305A2BB8CD7A00E3E828 /* AppDelegate.swift in Sources */,
				33CC6D242BD66A0300F19388 /* SemiCircleView.swift in Sources */,
				3372305C2BB8CD7A00E3E828 /* SceneDelegate.swift in Sources */,
			);
			runOnlyForDeploymentPostprocessing = 0;
		};
/* End PBXSourcesBuildPhase section */

/* Begin PBXVariantGroup section */
		3372305F2BB8CD7A00E3E828 /* Main.storyboard */ = {
			isa = PBXVariantGroup;
			children = (
				337230602BB8CD7A00E3E828 /* Base */,
			);
			name = Main.storyboard;
			sourceTree = "<group>";
		};
		337230642BB8CD7B00E3E828 /* LaunchScreen.storyboard */ = {
			isa = PBXVariantGroup;
			children = (
				337230652BB8CD7B00E3E828 /* Base */,
			);
			name = LaunchScreen.storyboard;
			sourceTree = "<group>";
		};
/* End PBXVariantGroup section */

/* Begin XCBuildConfiguration section */
		337230682BB8CD7B00E3E828 /* Debug */ = {
			isa = XCBuildConfiguration;
			buildSettings = {
				ALWAYS_SEARCH_USER_PATHS = NO;
				ASSETCATALOG_COMPILER_GENERATE_SWIFT_ASSET_SYMBOL_EXTENSIONS = YES;
				CLANG_ANALYZER_NONNULL = YES;
				CLANG_ANALYZER_NUMBER_OBJECT_CONVERSION = YES_AGGRESSIVE;
				CLANG_CXX_LANGUAGE_STANDARD = "gnu++20";
				CLANG_ENABLE_MODULES = YES;
				CLANG_ENABLE_OBJC_ARC = YES;
				CLANG_ENABLE_OBJC_WEAK = YES;
				CLANG_WARN_BLOCK_CAPTURE_AUTORELEASING = YES;
				CLANG_WARN_BOOL_CONVERSION = YES;
				CLANG_WARN_COMMA = YES;
				CLANG_WARN_CONSTANT_CONVERSION = YES;
				CLANG_WARN_DEPRECATED_OBJC_IMPLEMENTATIONS = YES;
				CLANG_WARN_DIRECT_OBJC_ISA_USAGE = YES_ERROR;
				CLANG_WARN_DOCUMENTATION_COMMENTS = YES;
				CLANG_WARN_EMPTY_BODY = YES;
				CLANG_WARN_ENUM_CONVERSION = YES;
				CLANG_WARN_INFINITE_RECURSION = YES;
				CLANG_WARN_INT_CONVERSION = YES;
				CLANG_WARN_NON_LITERAL_NULL_CONVERSION = YES;
				CLANG_WARN_OBJC_IMPLICIT_RETAIN_SELF = YES;
				CLANG_WARN_OBJC_LITERAL_CONVERSION = YES;
				CLANG_WARN_OBJC_ROOT_CLASS = YES_ERROR;
				CLANG_WARN_QUOTED_INCLUDE_IN_FRAMEWORK_HEADER = YES;
				CLANG_WARN_RANGE_LOOP_ANALYSIS = YES;
				CLANG_WARN_STRICT_PROTOTYPES = YES;
				CLANG_WARN_SUSPICIOUS_MOVE = YES;
				CLANG_WARN_UNGUARDED_AVAILABILITY = YES_AGGRESSIVE;
				CLANG_WARN_UNREACHABLE_CODE = YES;
				CLANG_WARN__DUPLICATE_METHOD_MATCH = YES;
				COPY_PHASE_STRIP = NO;
				DEBUG_INFORMATION_FORMAT = dwarf;
				ENABLE_STRICT_OBJC_MSGSEND = YES;
				ENABLE_TESTABILITY = YES;
				ENABLE_USER_SCRIPT_SANDBOXING = YES;
				GCC_C_LANGUAGE_STANDARD = gnu17;
				GCC_DYNAMIC_NO_PIC = NO;
				GCC_NO_COMMON_BLOCKS = YES;
				GCC_OPTIMIZATION_LEVEL = 0;
				GCC_PREPROCESSOR_DEFINITIONS = (
					"DEBUG=1",
					"$(inherited)",
				);
				GCC_WARN_64_TO_32_BIT_CONVERSION = YES;
				GCC_WARN_ABOUT_RETURN_TYPE = YES_ERROR;
				GCC_WARN_UNDECLARED_SELECTOR = YES;
				GCC_WARN_UNINITIALIZED_AUTOS = YES_AGGRESSIVE;
				GCC_WARN_UNUSED_FUNCTION = YES;
				GCC_WARN_UNUSED_VARIABLE = YES;
				IPHONEOS_DEPLOYMENT_TARGET = 17.2;
				LOCALIZATION_PREFERS_STRING_CATALOGS = YES;
				MTL_ENABLE_DEBUG_INFO = INCLUDE_SOURCE;
				MTL_FAST_MATH = YES;
				ONLY_ACTIVE_ARCH = YES;
				SDKROOT = iphoneos;
				SWIFT_ACTIVE_COMPILATION_CONDITIONS = "DEBUG $(inherited)";
				SWIFT_OPTIMIZATION_LEVEL = "-Onone";
			};
			name = Debug;
		};
		337230692BB8CD7B00E3E828 /* Release */ = {
			isa = XCBuildConfiguration;
			buildSettings = {
				ALWAYS_SEARCH_USER_PATHS = NO;
				ASSETCATALOG_COMPILER_GENERATE_SWIFT_ASSET_SYMBOL_EXTENSIONS = YES;
				CLANG_ANALYZER_NONNULL = YES;
				CLANG_ANALYZER_NUMBER_OBJECT_CONVERSION = YES_AGGRESSIVE;
				CLANG_CXX_LANGUAGE_STANDARD = "gnu++20";
				CLANG_ENABLE_MODULES = YES;
				CLANG_ENABLE_OBJC_ARC = YES;
				CLANG_ENABLE_OBJC_WEAK = YES;
				CLANG_WARN_BLOCK_CAPTURE_AUTORELEASING = YES;
				CLANG_WARN_BOOL_CONVERSION = YES;
				CLANG_WARN_COMMA = YES;
				CLANG_WARN_CONSTANT_CONVERSION = YES;
				CLANG_WARN_DEPRECATED_OBJC_IMPLEMENTATIONS = YES;
				CLANG_WARN_DIRECT_OBJC_ISA_USAGE = YES_ERROR;
				CLANG_WARN_DOCUMENTATION_COMMENTS = YES;
				CLANG_WARN_EMPTY_BODY = YES;
				CLANG_WARN_ENUM_CONVERSION = YES;
				CLANG_WARN_INFINITE_RECURSION = YES;
				CLANG_WARN_INT_CONVERSION = YES;
				CLANG_WARN_NON_LITERAL_NULL_CONVERSION = YES;
				CLANG_WARN_OBJC_IMPLICIT_RETAIN_SELF = YES;
				CLANG_WARN_OBJC_LITERAL_CONVERSION = YES;
				CLANG_WARN_OBJC_ROOT_CLASS = YES_ERROR;
				CLANG_WARN_QUOTED_INCLUDE_IN_FRAMEWORK_HEADER = YES;
				CLANG_WARN_RANGE_LOOP_ANALYSIS = YES;
				CLANG_WARN_STRICT_PROTOTYPES = YES;
				CLANG_WARN_SUSPICIOUS_MOVE = YES;
				CLANG_WARN_UNGUARDED_AVAILABILITY = YES_AGGRESSIVE;
				CLANG_WARN_UNREACHABLE_CODE = YES;
				CLANG_WARN__DUPLICATE_METHOD_MATCH = YES;
				COPY_PHASE_STRIP = NO;
				DEBUG_INFORMATION_FORMAT = "dwarf-with-dsym";
				ENABLE_NS_ASSERTIONS = NO;
				ENABLE_STRICT_OBJC_MSGSEND = YES;
				ENABLE_USER_SCRIPT_SANDBOXING = YES;
				GCC_C_LANGUAGE_STANDARD = gnu17;
				GCC_NO_COMMON_BLOCKS = YES;
				GCC_WARN_64_TO_32_BIT_CONVERSION = YES;
				GCC_WARN_ABOUT_RETURN_TYPE = YES_ERROR;
				GCC_WARN_UNDECLARED_SELECTOR = YES;
				GCC_WARN_UNINITIALIZED_AUTOS = YES_AGGRESSIVE;
				GCC_WARN_UNUSED_FUNCTION = YES;
				GCC_WARN_UNUSED_VARIABLE = YES;
				IPHONEOS_DEPLOYMENT_TARGET = 17.2;
				LOCALIZATION_PREFERS_STRING_CATALOGS = YES;
				MTL_ENABLE_DEBUG_INFO = NO;
				MTL_FAST_MATH = YES;
				SDKROOT = iphoneos;
				SWIFT_COMPILATION_MODE = wholemodule;
				VALIDATE_PRODUCT = YES;
			};
			name = Release;
		};
		3372306B2BB8CD7B00E3E828 /* Debug */ = {
			isa = XCBuildConfiguration;
			buildSettings = {
				ASSETCATALOG_COMPILER_APPICON_NAME = AppIcon;
				ASSETCATALOG_COMPILER_GLOBAL_ACCENT_COLOR_NAME = AccentColor;
				CODE_SIGN_STYLE = Automatic;
				CURRENT_PROJECT_VERSION = 1;
				GENERATE_INFOPLIST_FILE = YES;
				INFOPLIST_FILE = "Tripzo -Travel Planner Application/Info.plist";
				INFOPLIST_KEY_LSApplicationCategoryType = "public.app-category.travel";
				INFOPLIST_KEY_UIApplicationSupportsIndirectInputEvents = YES;
				INFOPLIST_KEY_UILaunchStoryboardName = LaunchScreen.storyboard;
				INFOPLIST_KEY_UIMainStoryboardFile = Main;
				INFOPLIST_KEY_UISupportedInterfaceOrientations_iPad = "UIInterfaceOrientationPortrait UIInterfaceOrientationPortraitUpsideDown UIInterfaceOrientationLandscapeLeft UIInterfaceOrientationLandscapeRight";
				INFOPLIST_KEY_UISupportedInterfaceOrientations_iPhone = "UIInterfaceOrientationPortrait UIInterfaceOrientationLandscapeLeft UIInterfaceOrientationLandscapeRight";
				LD_RUNPATH_SEARCH_PATHS = (
					"$(inherited)",
					"@executable_path/Frameworks",
				);
				MARKETING_VERSION = 1.0;
				PRODUCT_BUNDLE_IDENTIFIER = "monash.fit3178.Tripzo--Travel-Planner-Application";
				PRODUCT_NAME = "$(TARGET_NAME)";
				SWIFT_EMIT_LOC_STRINGS = YES;
				SWIFT_VERSION = 5.0;
				TARGETED_DEVICE_FAMILY = "1,2";
			};
			name = Debug;
		};
		3372306C2BB8CD7B00E3E828 /* Release */ = {
			isa = XCBuildConfiguration;
			buildSettings = {
				ASSETCATALOG_COMPILER_APPICON_NAME = AppIcon;
				ASSETCATALOG_COMPILER_GLOBAL_ACCENT_COLOR_NAME = AccentColor;
				CODE_SIGN_STYLE = Automatic;
				CURRENT_PROJECT_VERSION = 1;
				GENERATE_INFOPLIST_FILE = YES;
				INFOPLIST_FILE = "Tripzo -Travel Planner Application/Info.plist";
				INFOPLIST_KEY_LSApplicationCategoryType = "public.app-category.travel";
				INFOPLIST_KEY_UIApplicationSupportsIndirectInputEvents = YES;
				INFOPLIST_KEY_UILaunchStoryboardName = LaunchScreen.storyboard;
				INFOPLIST_KEY_UIMainStoryboardFile = Main;
				INFOPLIST_KEY_UISupportedInterfaceOrientations_iPad = "UIInterfaceOrientationPortrait UIInterfaceOrientationPortraitUpsideDown UIInterfaceOrientationLandscapeLeft UIInterfaceOrientationLandscapeRight";
				INFOPLIST_KEY_UISupportedInterfaceOrientations_iPhone = "UIInterfaceOrientationPortrait UIInterfaceOrientationLandscapeLeft UIInterfaceOrientationLandscapeRight";
				LD_RUNPATH_SEARCH_PATHS = (
					"$(inherited)",
					"@executable_path/Frameworks",
				);
				MARKETING_VERSION = 1.0;
				PRODUCT_BUNDLE_IDENTIFIER = "monash.fit3178.Tripzo--Travel-Planner-Application";
				PRODUCT_NAME = "$(TARGET_NAME)";
				SWIFT_EMIT_LOC_STRINGS = YES;
				SWIFT_VERSION = 5.0;
				TARGETED_DEVICE_FAMILY = "1,2";
			};
			name = Release;
		};
/* End XCBuildConfiguration section */

/* Begin XCConfigurationList section */
		337230512BB8CD7900E3E828 /* Build configuration list for PBXProject "Tripzo -Travel Planner Application" */ = {
			isa = XCConfigurationList;
			buildConfigurations = (
				337230682BB8CD7B00E3E828 /* Debug */,
				337230692BB8CD7B00E3E828 /* Release */,
			);
			defaultConfigurationIsVisible = 0;
			defaultConfigurationName = Release;
		};
		3372306A2BB8CD7B00E3E828 /* Build configuration list for PBXNativeTarget "Tripzo -Travel Planner Application" */ = {
			isa = XCConfigurationList;
			buildConfigurations = (
				3372306B2BB8CD7B00E3E828 /* Debug */,
				3372306C2BB8CD7B00E3E828 /* Release */,
			);
			defaultConfigurationIsVisible = 0;
			defaultConfigurationName = Release;
		};
/* End XCConfigurationList section */
	};
	rootObject = 3372304E2BB8CD7900E3E828 /* Project object */;
}
